<?xml version="1.0" encoding="utf-8"?>
<Project ToolsVersion="4.0" xmlns="http://schemas.microsoft.com/developer/msbuild/2003">
  <ItemGroup>
    <ClCompile Include="src\ofApp.cpp">
      <Filter>src</Filter>
    </ClCompile>
    <ClCompile Include="src\main.cpp">
      <Filter>src</Filter>
    </ClCompile>
    <ClCompile Include="..\..\..\..\addons\ofxXmlSettings\src\ofxXmlSettings.cpp">
      <Filter>addons\ofxXmlSettings\src</Filter>
    </ClCompile>
    <ClCompile Include="..\..\..\..\addons\ofxXmlSettings\libs\tinyxml.cpp">
      <Filter>addons\ofxXmlSettings\libs</Filter>
    </ClCompile>
    <ClCompile Include="..\..\..\..\addons\ofxXmlSettings\libs\tinyxmlerror.cpp">
      <Filter>addons\ofxXmlSettings\libs</Filter>
    </ClCompile>
    <ClCompile Include="..\..\..\..\addons\ofxXmlSettings\libs\tinyxmlparser.cpp">
      <Filter>addons\ofxXmlSettings\libs</Filter>
    </ClCompile>
    <ClCompile Include="..\..\..\..\addons\ofxhGui\src\h2DSlider.cpp">
      <Filter>addons\ofxhGui\src</Filter>
    </ClCompile>
    <ClCompile Include="..\..\..\..\addons\ofxhGui\src\hAlert.cpp">
      <Filter>addons\ofxhGui\src</Filter>
    </ClCompile>
    <ClCompile Include="..\..\..\..\addons\ofxhGui\src\hAlertLabel.cpp">
      <Filter>addons\ofxhGui\src</Filter>
    </ClCompile>
    <ClCompile Include="..\..\..\..\addons\ofxhGui\src\hButton.cpp">
      <Filter>addons\ofxhGui\src</Filter>
    </ClCompile>
    <ClCompile Include="..\..\..\..\addons\ofxhGui\src\hButtonBox.cpp">
      <Filter>addons\ofxhGui\src</Filter>
    </ClCompile>
    <ClCompile Include="..\..\..\..\addons\ofxhGui\src\hButtonBoxItem.cpp">
      <Filter>addons\ofxhGui\src</Filter>
    </ClCompile>
    <ClCompile Include="..\..\..\..\addons\ofxhGui\src\hCheckBox.cpp">
      <Filter>addons\ofxhGui\src</Filter>
    </ClCompile>
    <ClCompile Include="..\..\..\..\addons\ofxhGui\src\hCounterLabel.cpp">
      <Filter>addons\ofxhGui\src</Filter>
    </ClCompile>
    <ClCompile Include="..\..\..\..\addons\ofxhGui\src\hDialog.cpp">
      <Filter>addons\ofxhGui\src</Filter>
    </ClCompile>
    <ClCompile Include="..\..\..\..\addons\ofxhGui\src\hDialogButton.cpp">
      <Filter>addons\ofxhGui\src</Filter>
    </ClCompile>
    <ClCompile Include="..\..\..\..\addons\ofxhGui\src\hDrawingPrimitives.cpp">
      <Filter>addons\ofxhGui\src</Filter>
    </ClCompile>
    <ClCompile Include="..\..\..\..\addons\ofxhGui\src\hGui.cpp">
      <Filter>addons\ofxhGui\src</Filter>
    </ClCompile>
    <ClCompile Include="..\..\..\..\addons\ofxhGui\src\hIncButton.cpp">
      <Filter>addons\ofxhGui\src</Filter>
    </ClCompile>
    <ClCompile Include="..\..\..\..\addons\ofxhGui\src\hLabel.cpp">
      <Filter>addons\ofxhGui\src</Filter>
    </ClCompile>
    <ClCompile Include="..\..\..\..\addons\ofxhGui\src\hListBox.cpp">
      <Filter>addons\ofxhGui\src</Filter>
    </ClCompile>
    <ClCompile Include="..\..\..\..\addons\ofxhGui\src\hListItem.cpp">
      <Filter>addons\ofxhGui\src</Filter>
    </ClCompile>
    <ClCompile Include="..\..\..\..\addons\ofxhGui\src\hMessageBox.cpp">
      <Filter>addons\ofxhGui\src</Filter>
    </ClCompile>
    <ClCompile Include="..\..\..\..\addons\ofxhGui\src\hNumberBox.cpp">
      <Filter>addons\ofxhGui\src</Filter>
    </ClCompile>
    <ClCompile Include="..\..\..\..\addons\ofxhGui\src\hPanel.cpp">
      <Filter>addons\ofxhGui\src</Filter>
    </ClCompile>
    <ClCompile Include="..\..\..\..\addons\ofxhGui\src\hScrollBar.cpp">
      <Filter>addons\ofxhGui\src</Filter>
    </ClCompile>
    <ClCompile Include="..\..\..\..\addons\ofxhGui\src\hScrollButton.cpp">
      <Filter>addons\ofxhGui\src</Filter>
    </ClCompile>
    <ClCompile Include="..\..\..\..\addons\ofxhGui\src\hSlider.cpp">
      <Filter>addons\ofxhGui\src</Filter>
    </ClCompile>
    <ClCompile Include="..\..\..\..\addons\ofxhGui\src\hSliderBox.cpp">
      <Filter>addons\ofxhGui\src</Filter>
    </ClCompile>
    <ClCompile Include="..\..\..\..\addons\ofxhGui\src\hStatusBar.cpp">
      <Filter>addons\ofxhGui\src</Filter>
    </ClCompile>
    <ClCompile Include="..\..\..\..\addons\ofxhGui\src\hSVumeter.cpp">
      <Filter>addons\ofxhGui\src</Filter>
    </ClCompile>
    <ClCompile Include="..\..\..\..\addons\ofxhGui\src\hTabBox.cpp">
      <Filter>addons\ofxhGui\src</Filter>
    </ClCompile>
    <ClCompile Include="..\..\..\..\addons\ofxhGui\src\hTabBoxItem.cpp">
      <Filter>addons\ofxhGui\src</Filter>
    </ClCompile>
    <ClCompile Include="..\..\..\..\addons\ofxhGui\src\hTextArea.cpp">
      <Filter>addons\ofxhGui\src</Filter>
    </ClCompile>
    <ClCompile Include="..\..\..\..\addons\ofxhGui\src\hTextAreaButton.cpp">
      <Filter>addons\ofxhGui\src</Filter>
    </ClCompile>
    <ClCompile Include="..\..\..\..\addons\ofxhGui\src\hTextBox.cpp">
      <Filter>addons\ofxhGui\src</Filter>
    </ClCompile>
    <ClCompile Include="..\..\..\..\addons\ofxhGui\src\hTScrollBar.cpp">
      <Filter>addons\ofxhGui\src</Filter>
    </ClCompile>
    <ClCompile Include="..\..\..\..\addons\ofxhGui\src\hWaveform.cpp">
      <Filter>addons\ofxhGui\src</Filter>
    </ClCompile>
    <ClCompile Include="..\..\..\..\addons\ofxhGui\src\hWidget.cpp">
      <Filter>addons\ofxhGui\src</Filter>
    </ClCompile>
    <ClCompile Include="..\..\..\..\addons\ofxhUtils\src\hEvents\hEvents.cpp">
      <Filter>addons\ofxhUtils\src\hEvents</Filter>
    </ClCompile>
    <ClCompile Include="..\..\..\..\addons\ofxhUtils\src\hEvents\hSymbols.cpp">
      <Filter>addons\ofxhUtils\src\hEvents</Filter>
    </ClCompile>
    <ClCompile Include="..\..\..\..\addons\ofxhUtils\src\hStringUtils\hStringUtils.cpp">
      <Filter>addons\ofxhUtils\src\hStringUtils</Filter>
    </ClCompile>
    <ClCompile Include="..\..\..\..\addons\ofxhUtils\src\hTable\hTable.cpp">
      <Filter>addons\ofxhUtils\src\hTable</Filter>
    </ClCompile>
    <ClCompile Include="..\..\..\..\addons\ofxKinectV2\src\ofxKinectV2.cpp">
      <Filter>addons\ofxKinectV2\src</Filter>
    </ClCompile>
    <ClCompile Include="..\..\..\..\addons\ofxKinectV2\libs\libfreenect2\src\command_transaction.cpp">
      <Filter>addons\ofxKinectV2\libs\libfreenect2\src</Filter>
    </ClCompile>
    <ClCompile Include="..\..\..\..\addons\ofxKinectV2\libs\libfreenect2\src\cpu_depth_packet_processor.cpp">
      <Filter>addons\ofxKinectV2\libs\libfreenect2\src</Filter>
    </ClCompile>
    <ClCompile Include="..\..\..\..\addons\ofxKinectV2\libs\libfreenect2\src\depth_packet_processor.cpp">
      <Filter>addons\ofxKinectV2\libs\libfreenect2\src</Filter>
    </ClCompile>
    <ClCompile Include="..\..\..\..\addons\ofxKinectV2\libs\libfreenect2\src\depth_packet_stream_parser.cpp">
      <Filter>addons\ofxKinectV2\libs\libfreenect2\src</Filter>
    </ClCompile>
    <ClCompile Include="..\..\..\..\addons\ofxKinectV2\libs\libfreenect2\src\double_buffer.cpp">
      <Filter>addons\ofxKinectV2\libs\libfreenect2\src</Filter>
    </ClCompile>
    <ClCompile Include="..\..\..\..\addons\ofxKinectV2\libs\libfreenect2\src\event_loop.cpp">
      <Filter>addons\ofxKinectV2\libs\libfreenect2\src</Filter>
    </ClCompile>
    <ClCompile Include="..\..\..\..\addons\ofxKinectV2\libs\libfreenect2\src\flextGL.cpp">
      <Filter>addons\ofxKinectV2\libs\libfreenect2\src</Filter>
    </ClCompile>
    <ClCompile Include="..\..\..\..\addons\ofxKinectV2\libs\libfreenect2\src\frame_listener_impl.cpp">
      <Filter>addons\ofxKinectV2\libs\libfreenect2\src</Filter>
    </ClCompile>
    <ClCompile Include="..\..\..\..\addons\ofxKinectV2\libs\libfreenect2\src\libfreenect2.cpp">
      <Filter>addons\ofxKinectV2\libs\libfreenect2\src</Filter>
    </ClCompile>
    <ClCompile Include="..\..\..\..\addons\ofxKinectV2\libs\libfreenect2\src\logging.cpp">
      <Filter>addons\ofxKinectV2\libs\libfreenect2\src</Filter>
    </ClCompile>
    <ClCompile Include="..\..\..\..\addons\ofxKinectV2\libs\libfreenect2\src\opencl_depth_packet_processor.cpp">
      <Filter>addons\ofxKinectV2\libs\libfreenect2\src</Filter>
    </ClCompile>
    <ClCompile Include="..\..\..\..\addons\ofxKinectV2\libs\libfreenect2\src\opengl_depth_packet_processor.cpp">
      <Filter>addons\ofxKinectV2\libs\libfreenect2\src</Filter>
    </ClCompile>
    <ClCompile Include="..\..\..\..\addons\ofxKinectV2\libs\libfreenect2\src\packet_pipeline.cpp">
      <Filter>addons\ofxKinectV2\libs\libfreenect2\src</Filter>
    </ClCompile>
    <ClCompile Include="..\..\..\..\addons\ofxKinectV2\libs\libfreenect2\src\registration.cpp">
      <Filter>addons\ofxKinectV2\libs\libfreenect2\src</Filter>
    </ClCompile>
    <ClCompile Include="..\..\..\..\addons\ofxKinectV2\libs\libfreenect2\src\resource.cpp">
      <Filter>addons\ofxKinectV2\libs\libfreenect2\src</Filter>
    </ClCompile>
    <ClCompile Include="..\..\..\..\addons\ofxKinectV2\libs\libfreenect2\src\rgb_packet_processor.cpp">
      <Filter>addons\ofxKinectV2\libs\libfreenect2\src</Filter>
    </ClCompile>
    <ClCompile Include="..\..\..\..\addons\ofxKinectV2\libs\libfreenect2\src\rgb_packet_stream_parser.cpp">
      <Filter>addons\ofxKinectV2\libs\libfreenect2\src</Filter>
    </ClCompile>
    <ClCompile Include="..\..\..\..\addons\ofxKinectV2\libs\libfreenect2\src\transfer_pool.cpp">
      <Filter>addons\ofxKinectV2\libs\libfreenect2\src</Filter>
    </ClCompile>
    <ClCompile Include="..\..\..\..\addons\ofxKinectV2\libs\libfreenect2\src\usb_control.cpp">
      <Filter>addons\ofxKinectV2\libs\libfreenect2\src</Filter>
    </ClCompile>
    <ClCompile Include="..\..\..\..\addons\ofxKinectV2\libs\protonect\ofProtonect.cpp">
      <Filter>addons\ofxKinectV2\libs\protonect</Filter>
    </ClCompile>
    <ClCompile Include="..\..\..\..\addons\ofxKinectV2\libs\protonect\ofRGBPacketProcessor.cpp">
      <Filter>addons\ofxKinectV2\libs\protonect</Filter>
    </ClCompile>
  </ItemGroup>
  <ItemGroup>
    <Filter Include="src">
      <UniqueIdentifier>{d8376475-7454-4a24-b08a-aac121d3ad6f}</UniqueIdentifier>
    </Filter>
    <Filter Include="addons">
      <UniqueIdentifier>{a21b2956-4014-4778-976b-e81f84ca50b7}</UniqueIdentifier>
    </Filter>
    <Filter Include="addons\ofxXmlSettings">
      <UniqueIdentifier>{59c47272-e238-497f-af7e-1f41bbf47329}</UniqueIdentifier>
    </Filter>
    <Filter Include="addons\ofxXmlSettings\src">
      <UniqueIdentifier>{605adb64-8cf1-42e4-8764-e8d4cb32c57e}</UniqueIdentifier>
    </Filter>
    <Filter Include="addons\ofxXmlSettings\libs">
      <UniqueIdentifier>{c9863268-6cde-4891-b560-18869a946624}</UniqueIdentifier>
    </Filter>
    <Filter Include="addons\ofxhGui">
      <UniqueIdentifier>{bbea990a-bbd1-4a28-a032-628b93a3f237}</UniqueIdentifier>
    </Filter>
    <Filter Include="addons\ofxhGui\src">
      <UniqueIdentifier>{b790873c-3b80-4cbf-938d-92d73010973e}</UniqueIdentifier>
    </Filter>
    <Filter Include="addons\ofxhUtils">
      <UniqueIdentifier>{3cb171d3-9419-4c12-9b45-20091bcff111}</UniqueIdentifier>
    </Filter>
    <Filter Include="addons\ofxhUtils\src">
      <UniqueIdentifier>{da950a00-951c-4de7-9268-97b5d8bee2a8}</UniqueIdentifier>
    </Filter>
    <Filter Include="addons\ofxhUtils\src\hEvents">
      <UniqueIdentifier>{26270cd6-52ff-4fd7-8311-685b325cf111}</UniqueIdentifier>
    </Filter>
    <Filter Include="addons\ofxhUtils\src\hStringUtils">
      <UniqueIdentifier>{b8f69b53-936a-41a6-85aa-9e52bb57cea7}</UniqueIdentifier>
    </Filter>
    <Filter Include="addons\ofxhUtils\src\hTable">
      <UniqueIdentifier>{e5b69236-a11b-44eb-a606-857962c5707a}</UniqueIdentifier>
    </Filter>
    <Filter Include="addons\ofxKinectV2">
      <UniqueIdentifier>{1c964ede-dc51-4f8a-a7cd-62f58c9d19eb}</UniqueIdentifier>
    </Filter>
    <Filter Include="addons\ofxKinectV2\src">
      <UniqueIdentifier>{609abedd-09ad-4eae-8efe-c1473adeb723}</UniqueIdentifier>
    </Filter>
    <Filter Include="addons\ofxKinectV2\libs">
      <UniqueIdentifier>{7daf9d3a-d737-4a1c-b492-03ae06c067c1}</UniqueIdentifier>
    </Filter>
    <Filter Include="addons\ofxKinectV2\libs\libfreenect2">
      <UniqueIdentifier>{09c04aa6-999e-4005-83a0-529b048ba5f2}</UniqueIdentifier>
    </Filter>
    <Filter Include="addons\ofxKinectV2\libs\libfreenect2\include">
      <UniqueIdentifier>{01da14a5-11db-4005-a969-5f30528c1bcc}</UniqueIdentifier>
    </Filter>
    <Filter Include="addons\ofxKinectV2\libs\libfreenect2\include\internal">
      <UniqueIdentifier>{6ba8b2d6-27df-4011-99ed-644a0581f61c}</UniqueIdentifier>
    </Filter>
    <Filter Include="addons\ofxKinectV2\libs\libfreenect2\include\internal\CL">
      <UniqueIdentifier>{e2e2817e-f708-4070-a2c9-4e018db926f7}</UniqueIdentifier>
    </Filter>
    <Filter Include="addons\ofxKinectV2\libs\libfreenect2\include\internal\libfreenect2">
      <UniqueIdentifier>{6066ca79-80bd-44f4-b8bc-d9d40a5c838b}</UniqueIdentifier>
    </Filter>
    <Filter Include="addons\ofxKinectV2\libs\libfreenect2\include\internal\libfreenect2\protocol">
      <UniqueIdentifier>{f37202b0-3ebd-46e2-ae5e-47569e769f12}</UniqueIdentifier>
    </Filter>
    <Filter Include="addons\ofxKinectV2\libs\libfreenect2\include\internal\libfreenect2\usb">
      <UniqueIdentifier>{f0f43f20-50d8-4adb-8510-3c711b45ee28}</UniqueIdentifier>
    </Filter>
    <Filter Include="addons\ofxKinectV2\libs\libfreenect2\include\libfreenect2">
      <UniqueIdentifier>{fa1b7281-7e2c-4cc7-91b5-e65c0322672b}</UniqueIdentifier>
    </Filter>
    <Filter Include="addons\ofxKinectV2\libs\libfreenect2\src">
      <UniqueIdentifier>{550e1b91-a2c2-40ac-a69e-690564cf3b7c}</UniqueIdentifier>
    </Filter>
    <Filter Include="addons\ofxKinectV2\libs\libusb">
      <UniqueIdentifier>{56f76b95-7575-4481-9ff0-378d8b7b03a6}</UniqueIdentifier>
    </Filter>
    <Filter Include="addons\ofxKinectV2\libs\libusb\include">
      <UniqueIdentifier>{7f403f8a-9b92-49a1-bdd6-598b04dc4de7}</UniqueIdentifier>
    </Filter>
    <Filter Include="addons\ofxKinectV2\libs\libusb\include\libusb">
      <UniqueIdentifier>{353dccb1-9c48-4517-b888-6c369fd052c2}</UniqueIdentifier>
    </Filter>
    <Filter Include="addons\ofxKinectV2\libs\libusb\include\libusb\os">
      <UniqueIdentifier>{69998b14-e623-4a10-bf32-78aa9650c310}</UniqueIdentifier>
    </Filter>
    <Filter Include="addons\ofxKinectV2\libs\protonect">
      <UniqueIdentifier>{e6704bc2-cd1b-4f1b-a977-456c533cbc16}</UniqueIdentifier>
    </Filter>
  </ItemGroup>
  <ItemGroup>
    <ClInclude Include="src\ofApp.h">
      <Filter>src</Filter>
    </ClInclude>
    <ClInclude Include="..\..\..\..\addons\ofxXmlSettings\src\ofxXmlSettings.h">
      <Filter>addons\ofxXmlSettings\src</Filter>
    </ClInclude>
    <ClInclude Include="..\..\..\..\addons\ofxXmlSettings\libs\tinyxml.h">
      <Filter>addons\ofxXmlSettings\libs</Filter>
    </ClInclude>
    <ClInclude Include="..\..\..\..\addons\ofxhGui\src\h2DSlider.h">
      <Filter>addons\ofxhGui\src</Filter>
    </ClInclude>
    <ClInclude Include="..\..\..\..\addons\ofxhGui\src\hAlert.h">
      <Filter>addons\ofxhGui\src</Filter>
    </ClInclude>
    <ClInclude Include="..\..\..\..\addons\ofxhGui\src\hAlertLabel.h">
      <Filter>addons\ofxhGui\src</Filter>
    </ClInclude>
    <ClInclude Include="..\..\..\..\addons\ofxhGui\src\hButton.h">
      <Filter>addons\ofxhGui\src</Filter>
    </ClInclude>
    <ClInclude Include="..\..\..\..\addons\ofxhGui\src\hButtonBox.h">
      <Filter>addons\ofxhGui\src</Filter>
    </ClInclude>
    <ClInclude Include="..\..\..\..\addons\ofxhGui\src\hButtonBoxItem.h">
      <Filter>addons\ofxhGui\src</Filter>
    </ClInclude>
    <ClInclude Include="..\..\..\..\addons\ofxhGui\src\hCheckBox.h">
      <Filter>addons\ofxhGui\src</Filter>
    </ClInclude>
    <ClInclude Include="..\..\..\..\addons\ofxhGui\src\hCounterLabel.h">
      <Filter>addons\ofxhGui\src</Filter>
    </ClInclude>
    <ClInclude Include="..\..\..\..\addons\ofxhGui\src\hDialog.h">
      <Filter>addons\ofxhGui\src</Filter>
    </ClInclude>
    <ClInclude Include="..\..\..\..\addons\ofxhGui\src\hDialogButton.h">
      <Filter>addons\ofxhGui\src</Filter>
    </ClInclude>
    <ClInclude Include="..\..\..\..\addons\ofxhGui\src\hDrawingPrimitives.h">
      <Filter>addons\ofxhGui\src</Filter>
    </ClInclude>
    <ClInclude Include="..\..\..\..\addons\ofxhGui\src\hGui.h">
      <Filter>addons\ofxhGui\src</Filter>
    </ClInclude>
    <ClInclude Include="..\..\..\..\addons\ofxhGui\src\hGui_all.h">
      <Filter>addons\ofxhGui\src</Filter>
    </ClInclude>
    <ClInclude Include="..\..\..\..\addons\ofxhGui\src\hIncButton.h">
      <Filter>addons\ofxhGui\src</Filter>
    </ClInclude>
    <ClInclude Include="..\..\..\..\addons\ofxhGui\src\hLabel.h">
      <Filter>addons\ofxhGui\src</Filter>
    </ClInclude>
    <ClInclude Include="..\..\..\..\addons\ofxhGui\src\hListBox.h">
      <Filter>addons\ofxhGui\src</Filter>
    </ClInclude>
    <ClInclude Include="..\..\..\..\addons\ofxhGui\src\hListItem.h">
      <Filter>addons\ofxhGui\src</Filter>
    </ClInclude>
    <ClInclude Include="..\..\..\..\addons\ofxhGui\src\hMessageBox.h">
      <Filter>addons\ofxhGui\src</Filter>
    </ClInclude>
    <ClInclude Include="..\..\..\..\addons\ofxhGui\src\hNumberBox.h">
      <Filter>addons\ofxhGui\src</Filter>
    </ClInclude>
    <ClInclude Include="..\..\..\..\addons\ofxhGui\src\hPanel.h">
      <Filter>addons\ofxhGui\src</Filter>
    </ClInclude>
    <ClInclude Include="..\..\..\..\addons\ofxhGui\src\hScrollBar.h">
      <Filter>addons\ofxhGui\src</Filter>
    </ClInclude>
    <ClInclude Include="..\..\..\..\addons\ofxhGui\src\hScrollButton.h">
      <Filter>addons\ofxhGui\src</Filter>
    </ClInclude>
    <ClInclude Include="..\..\..\..\addons\ofxhGui\src\hSlider.h">
      <Filter>addons\ofxhGui\src</Filter>
    </ClInclude>
    <ClInclude Include="..\..\..\..\addons\ofxhGui\src\hSliderBox.h">
      <Filter>addons\ofxhGui\src</Filter>
    </ClInclude>
    <ClInclude Include="..\..\..\..\addons\ofxhGui\src\hStatusBar.h">
      <Filter>addons\ofxhGui\src</Filter>
    </ClInclude>
    <ClInclude Include="..\..\..\..\addons\ofxhGui\src\hSVumeter.h">
      <Filter>addons\ofxhGui\src</Filter>
    </ClInclude>
    <ClInclude Include="..\..\..\..\addons\ofxhGui\src\hTabBox.h">
      <Filter>addons\ofxhGui\src</Filter>
    </ClInclude>
    <ClInclude Include="..\..\..\..\addons\ofxhGui\src\hTabBoxItem.h">
      <Filter>addons\ofxhGui\src</Filter>
    </ClInclude>
    <ClInclude Include="..\..\..\..\addons\ofxhGui\src\hTextArea.h">
      <Filter>addons\ofxhGui\src</Filter>
    </ClInclude>
    <ClInclude Include="..\..\..\..\addons\ofxhGui\src\hTextAreaButton.h">
      <Filter>addons\ofxhGui\src</Filter>
    </ClInclude>
    <ClInclude Include="..\..\..\..\addons\ofxhGui\src\hTextBox.h">
      <Filter>addons\ofxhGui\src</Filter>
    </ClInclude>
    <ClInclude Include="..\..\..\..\addons\ofxhGui\src\hTScrollBar.h">
      <Filter>addons\ofxhGui\src</Filter>
    </ClInclude>
    <ClInclude Include="..\..\..\..\addons\ofxhGui\src\hWaveform.h">
      <Filter>addons\ofxhGui\src</Filter>
    </ClInclude>
    <ClInclude Include="..\..\..\..\addons\ofxhGui\src\hWidget.h">
      <Filter>addons\ofxhGui\src</Filter>
    </ClInclude>
    <ClInclude Include="..\..\..\..\addons\ofxhUtils\src\hEvents\hEvents.h">
      <Filter>addons\ofxhUtils\src\hEvents</Filter>
    </ClInclude>
    <ClInclude Include="..\..\..\..\addons\ofxhUtils\src\hEvents\hObject.h">
      <Filter>addons\ofxhUtils\src\hEvents</Filter>
    </ClInclude>
    <ClInclude Include="..\..\..\..\addons\ofxhUtils\src\hEvents\hSymbols.h">
      <Filter>addons\ofxhUtils\src\hEvents</Filter>
    </ClInclude>
    <ClInclude Include="..\..\..\..\addons\ofxhUtils\src\hStringUtils\hStringUtils.h">
      <Filter>addons\ofxhUtils\src\hStringUtils</Filter>
    </ClInclude>
    <ClInclude Include="..\..\..\..\addons\ofxhUtils\src\hTable\hTable.h">
      <Filter>addons\ofxhUtils\src\hTable</Filter>
    </ClInclude>
    <ClInclude Include="..\..\..\..\addons\ofxKinectV2\src\ofxKinectV2.h">
      <Filter>addons\ofxKinectV2\src</Filter>
    </ClInclude>
    <ClInclude Include="..\..\..\..\addons\ofxKinectV2\libs\libfreenect2\include\internal\CL\cl.hpp">
      <Filter>addons\ofxKinectV2\libs\libfreenect2\include\internal\CL</Filter>
    </ClInclude>
    <ClInclude Include="..\..\..\..\addons\ofxKinectV2\libs\libfreenect2\include\internal\libfreenect2\async_packet_processor.h">
      <Filter>addons\ofxKinectV2\libs\libfreenect2\include\internal\libfreenect2</Filter>
    </ClInclude>
    <ClInclude Include="..\..\..\..\addons\ofxKinectV2\libs\libfreenect2\include\internal\libfreenect2\data_callback.h">
      <Filter>addons\ofxKinectV2\libs\libfreenect2\include\internal\libfreenect2</Filter>
    </ClInclude>
    <ClInclude Include="..\..\..\..\addons\ofxKinectV2\libs\libfreenect2\include\internal\libfreenect2\depth_packet_stream_parser.h">
      <Filter>addons\ofxKinectV2\libs\libfreenect2\include\internal\libfreenect2</Filter>
    </ClInclude>
    <ClInclude Include="..\..\..\..\addons\ofxKinectV2\libs\libfreenect2\include\internal\libfreenect2\double_buffer.h">
      <Filter>addons\ofxKinectV2\libs\libfreenect2\include\internal\libfreenect2</Filter>
    </ClInclude>
    <ClInclude Include="..\..\..\..\addons\ofxKinectV2\libs\libfreenect2\include\internal\libfreenect2\logging.h">
      <Filter>addons\ofxKinectV2\libs\libfreenect2\include\internal\libfreenect2</Filter>
    </ClInclude>
    <ClInclude Include="..\..\..\..\addons\ofxKinectV2\libs\libfreenect2\include\internal\libfreenect2\resource.h">
      <Filter>addons\ofxKinectV2\libs\libfreenect2\include\internal\libfreenect2</Filter>
    </ClInclude>
    <ClInclude Include="..\..\..\..\addons\ofxKinectV2\libs\libfreenect2\include\internal\libfreenect2\rgb_packet_stream_parser.h">
      <Filter>addons\ofxKinectV2\libs\libfreenect2\include\internal\libfreenect2</Filter>
    </ClInclude>
    <ClInclude Include="..\..\..\..\addons\ofxKinectV2\libs\libfreenect2\include\internal\libfreenect2\threading.h">
      <Filter>addons\ofxKinectV2\libs\libfreenect2\include\internal\libfreenect2</Filter>
    </ClInclude>
    <ClInclude Include="..\..\..\..\addons\ofxKinectV2\libs\libfreenect2\include\internal\libfreenect2\protocol\command.h">
      <Filter>addons\ofxKinectV2\libs\libfreenect2\include\internal\libfreenect2\protocol</Filter>
    </ClInclude>
    <ClInclude Include="..\..\..\..\addons\ofxKinectV2\libs\libfreenect2\include\internal\libfreenect2\protocol\command_transaction.h">
      <Filter>addons\ofxKinectV2\libs\libfreenect2\include\internal\libfreenect2\protocol</Filter>
    </ClInclude>
    <ClInclude Include="..\..\..\..\addons\ofxKinectV2\libs\libfreenect2\include\internal\libfreenect2\protocol\response.h">
      <Filter>addons\ofxKinectV2\libs\libfreenect2\include\internal\libfreenect2\protocol</Filter>
    </ClInclude>
    <ClInclude Include="..\..\..\..\addons\ofxKinectV2\libs\libfreenect2\include\internal\libfreenect2\protocol\usb_control.h">
      <Filter>addons\ofxKinectV2\libs\libfreenect2\include\internal\libfreenect2\protocol</Filter>
    </ClInclude>
    <ClInclude Include="..\..\..\..\addons\ofxKinectV2\libs\libfreenect2\include\internal\libfreenect2\usb\event_loop.h">
      <Filter>addons\ofxKinectV2\libs\libfreenect2\include\internal\libfreenect2\usb</Filter>
    </ClInclude>
    <ClInclude Include="..\..\..\..\addons\ofxKinectV2\libs\libfreenect2\include\internal\libfreenect2\usb\transfer_pool.h">
      <Filter>addons\ofxKinectV2\libs\libfreenect2\include\internal\libfreenect2\usb</Filter>
    </ClInclude>
    <ClInclude Include="..\..\..\..\addons\ofxKinectV2\libs\libfreenect2\include\libfreenect2\config.h">
      <Filter>addons\ofxKinectV2\libs\libfreenect2\include\libfreenect2</Filter>
    </ClInclude>
    <ClInclude Include="..\..\..\..\addons\ofxKinectV2\libs\libfreenect2\include\libfreenect2\depth_packet_processor.h">
      <Filter>addons\ofxKinectV2\libs\libfreenect2\include\libfreenect2</Filter>
    </ClInclude>
    <ClInclude Include="..\..\..\..\addons\ofxKinectV2\libs\libfreenect2\include\libfreenect2\frame_listener_impl.h">
      <Filter>addons\ofxKinectV2\libs\libfreenect2\include\libfreenect2</Filter>
    </ClInclude>
    <ClInclude Include="..\..\..\..\addons\ofxKinectV2\libs\libfreenect2\include\libfreenect2\logger.h">
      <Filter>addons\ofxKinectV2\libs\libfreenect2\include\libfreenect2</Filter>
    </ClInclude>
    <ClInclude Include="..\..\..\..\addons\ofxKinectV2\libs\libfreenect2\include\libfreenect2\packet_pipeline.h">
      <Filter>addons\ofxKinectV2\libs\libfreenect2\include\libfreenect2</Filter>
    </ClInclude>
    <ClInclude Include="..\..\..\..\addons\ofxKinectV2\libs\libfreenect2\include\libfreenect2\packet_processor.h">
      <Filter>addons\ofxKinectV2\libs\libfreenect2\include\libfreenect2</Filter>
    </ClInclude>
    <ClInclude Include="..\..\..\..\addons\ofxKinectV2\libs\libfreenect2\include\libfreenect2\registration.h">
      <Filter>addons\ofxKinectV2\libs\libfreenect2\include\libfreenect2</Filter>
    </ClInclude>
    <ClInclude Include="..\..\..\..\addons\ofxKinectV2\libs\libfreenect2\include\libfreenect2\rgb_packet_processor.h">
      <Filter>addons\ofxKinectV2\libs\libfreenect2\include\libfreenect2</Filter>
    </ClInclude>
    <ClInclude Include="..\..\..\..\addons\ofxKinectV2\libs\libfreenect2\include\libfreenect2\frame_listener.hpp">
      <Filter>addons\ofxKinectV2\libs\libfreenect2\include\libfreenect2</Filter>
    </ClInclude>
    <ClInclude Include="..\..\..\..\addons\ofxKinectV2\libs\libfreenect2\include\libfreenect2\libfreenect2.hpp">
      <Filter>addons\ofxKinectV2\libs\libfreenect2\include\libfreenect2</Filter>
    </ClInclude>
    <ClInclude Include="..\..\..\..\addons\ofxKinectV2\libs\libfreenect2\src\flextGL.h">
      <Filter>addons\ofxKinectV2\libs\libfreenect2\src</Filter>
    </ClInclude>
    <ClInclude Include="..\..\..\..\addons\ofxKinectV2\libs\libusb\include\libusb\hotplug.h">
      <Filter>addons\ofxKinectV2\libs\libusb\include\libusb</Filter>
    </ClInclude>
    <ClInclude Include="..\..\..\..\addons\ofxKinectV2\libs\libusb\include\libusb\libusb.h">
      <Filter>addons\ofxKinectV2\libs\libusb\include\libusb</Filter>
    </ClInclude>
    <ClInclude Include="..\..\..\..\addons\ofxKinectV2\libs\libusb\include\libusb\libusbi.h">
      <Filter>addons\ofxKinectV2\libs\libusb\include\libusb</Filter>
    </ClInclude>
    <ClInclude Include="..\..\..\..\addons\ofxKinectV2\libs\libusb\include\libusb\version.h">
      <Filter>addons\ofxKinectV2\libs\libusb\include\libusb</Filter>
    </ClInclude>
    <ClInclude Include="..\..\..\..\addons\ofxKinectV2\libs\libusb\include\libusb\version_nano.h">
      <Filter>addons\ofxKinectV2\libs\libusb\include\libusb</Filter>
    </ClInclude>
    <ClInclude Include="..\..\..\..\addons\ofxKinectV2\libs\libusb\include\libusb\os\darwin_usb.h">
      <Filter>addons\ofxKinectV2\libs\libusb\include\libusb\os</Filter>
    </ClInclude>
    <ClInclude Include="..\..\..\..\addons\ofxKinectV2\libs\libusb\include\libusb\os\linux_usbfs.h">
      <Filter>addons\ofxKinectV2\libs\libusb\include\libusb\os</Filter>
    </ClInclude>
    <ClInclude Include="..\..\..\..\addons\ofxKinectV2\libs\libusb\include\libusb\os\poll_posix.h">
      <Filter>addons\ofxKinectV2\libs\libusb\include\libusb\os</Filter>
    </ClInclude>
    <ClInclude Include="..\..\..\..\addons\ofxKinectV2\libs\libusb\include\libusb\os\poll_windows.h">
      <Filter>addons\ofxKinectV2\libs\libusb\include\libusb\os</Filter>
    </ClInclude>
    <ClInclude Include="..\..\..\..\addons\ofxKinectV2\libs\libusb\include\libusb\os\threads_posix.h">
      <Filter>addons\ofxKinectV2\libs\libusb\include\libusb\os</Filter>
    </ClInclude>
    <ClInclude Include="..\..\..\..\addons\ofxKinectV2\libs\libusb\include\libusb\os\threads_windows.h">
      <Filter>addons\ofxKinectV2\libs\libusb\include\libusb\os</Filter>
    </ClInclude>
    <ClInclude Include="..\..\..\..\addons\ofxKinectV2\libs\libusb\include\libusb\os\wince_usb.h">
      <Filter>addons\ofxKinectV2\libs\libusb\include\libusb\os</Filter>
    </ClInclude>
    <ClInclude Include="..\..\..\..\addons\ofxKinectV2\libs\libusb\include\libusb\os\windows_common.h">
      <Filter>addons\ofxKinectV2\libs\libusb\include\libusb\os</Filter>
    </ClInclude>
    <ClInclude Include="..\..\..\..\addons\ofxKinectV2\libs\libusb\include\libusb\os\windows_usb.h">
      <Filter>addons\ofxKinectV2\libs\libusb\include\libusb\os</Filter>
    </ClInclude>
    <ClInclude Include="..\..\..\..\addons\ofxKinectV2\libs\protonect\ofProtonect.h">
      <Filter>addons\ofxKinectV2\libs\protonect</Filter>
    </ClInclude>
    <ClInclude Include="..\..\..\..\addons\ofxKinectV2\libs\protonect\ofRGBPacketProcessor.h">
      <Filter>addons\ofxKinectV2\libs\protonect</Filter>
    </ClInclude>
  </ItemGroup>
  <ItemGroup>
    <ResourceCompile Include="icon.rc" />
  </ItemGroup>
</Project>